
Microsoft Visual Studio Solution File, Format Version 12.00
# Visual Studio Version 17
VisualStudioVersion = 17.4.33110.190
MinimumVisualStudioVersion = 10.0.40219.1
Project("{FAE04EC0-301F-11D3-BF4B-00C04F79EFBC}") = "Fruit Into Baskets", "Fruit Into Baskets\Fruit Into Baskets.csproj", "{D9A91D7E-4BDE-457D-938D-2559BB191B13}"
EndProject
Global
	GlobalSection(SolutionConfigurationPlatforms) = preSolution
		Debug|Any CPU = Debug|Any CPU
		Release|Any CPU = Release|Any CPU
	EndGlobalSection
	GlobalSection(ProjectConfigurationPlatforms) = postSolution
		{D9A91D7E-4BDE-457D-938D-2559BB191B13}.Debug|Any CPU.ActiveCfg = Debug|Any CPU
		{D9A91D7E-4BDE-457D-938D-2559BB191B13}.Debug|Any CPU.Build.0 = Debug|Any CPU
		{D9A91D7E-4BDE-457D-938D-2559BB191B13}.Release|Any CPU.ActiveCfg = Release|Any CPU
		{D9A91D7E-4BDE-457D-938D-2559BB191B13}.Release|Any CPU.Build.0 = Release|Any CPU
	EndGlobalSection
	GlobalSection(SolutionProperties) = preSolution
		HideSolutionNode = FALSE
	EndGlobalSection
	GlobalSection(ExtensibilityGlobals) = postSolution
		SolutionGuid = {3CF9DA7A-3F1E-471E-8370-24923B59CDEC}
	EndGlobalSection
EndGlobal
